<?xml version="1.0" encoding="utf-8"?>
<Project ToolsVersion="4.0" xmlns="http://schemas.microsoft.com/developer/msbuild/2003">
  <ItemGroup>
    <Filter Include="Source Files">
      <UniqueIdentifier>{4FC737F1-C7A5-4376-A066-2A32D752A2FF}</UniqueIdentifier>
      <Extensions>cpp;c;cc;cxx;def;odl;idl;hpj;bat;asm;asmx</Extensions>
    </Filter>
    <Filter Include="Header Files">
      <UniqueIdentifier>{93995380-89BD-4b04-88EB-625FBE52EBFB}</UniqueIdentifier>
      <Extensions>h;hh;hpp;hxx;hm;inl;inc;xsd</Extensions>
    </Filter>
    <Filter Include="Resource Files">
      <UniqueIdentifier>{67DA6AB6-F800-4c08-8B7A-83BB121AAD01}</UniqueIdentifier>
      <Extensions>rc;ico;cur;bmp;dlg;rc2;rct;bin;rgs;gif;jpg;jpeg;jpe;resx;tiff;tif;png;wav;mfcribbon-ms</Extensions>
    </Filter>
    <Filter Include="Source Files\PartOne">
      <UniqueIdentifier>{36047de0-c132-4c11-bf5b-ce74919193ef}</UniqueIdentifier>
    </Filter>
    <Filter Include="Header Files\PartOne">
      <UniqueIdentifier>{08ae90c6-5c2f-403e-85ec-290629d648db}</UniqueIdentifier>
    </Filter>
    <Filter Include="Source Files\PartTwo">
      <UniqueIdentifier>{d157c8c9-d80d-49e5-b8d7-d86ef6230b41}</UniqueIdentifier>
    </Filter>
    <Filter Include="Header Files\PartTwo">
      <UniqueIdentifier>{903a352d-0301-4b77-9917-88d89fbe6213}</UniqueIdentifier>
    </Filter>
    <Filter Include="Header Files\Common">
      <UniqueIdentifier>{591197fe-41d4-40d4-8cb6-934470b7af25}</UniqueIdentifier>
    </Filter>
    <Filter Include="Source Files\Common">
      <UniqueIdentifier>{27ff4430-19bf-4a66-ba1e-479ffa385b2f}</UniqueIdentifier>
    </Filter>
    <Filter Include="Header Files\PartThree">
      <UniqueIdentifier>{c5bcd79e-30af-45e5-8467-16e21d92dc16}</UniqueIdentifier>
    </Filter>
    <Filter Include="Source Files\PartThree">
      <UniqueIdentifier>{5f3f0b1a-3f60-4aa4-beec-7b1c211171f1}</UniqueIdentifier>
    </Filter>
    <Filter Include="Source Files\PartFour">
      <UniqueIdentifier>{4652447a-36d1-4ff5-a021-e59a1bbfb6be}</UniqueIdentifier>
    </Filter>
    <Filter Include="Header Files\PartFour">
      <UniqueIdentifier>{a9aace30-6706-414e-a7ca-06566e04447a}</UniqueIdentifier>
    </Filter>
  </ItemGroup>
  <ItemGroup>
    <Text Include="ReadMe.txt" />
  </ItemGroup>
  <ItemGroup>
    <ClInclude Include="PartOne\CppPrimer.h">
      <Filter>Header Files\PartOne</Filter>
    </ClInclude>
    <ClInclude Include="PartOne\CppPrimerAggregate.h">
      <Filter>Header Files\PartOne</Filter>
    </ClInclude>
    <ClInclude Include="PartOne\CppPrimerFriend.h">
      <Filter>Header Files\PartOne</Filter>
    </ClInclude>
    <ClInclude Include="PartOne\CppPrimerLiteral.h">
      <Filter>Header Files\PartOne</Filter>
    </ClInclude>
    <ClInclude Include="PartTwo\DynamicMem.h">
      <Filter>Header Files\PartTwo</Filter>
    </ClInclude>
    <ClInclude Include="PartTwo\StdLibContainer.h">
      <Filter>Header Files\PartTwo</Filter>
    </ClInclude>
    <ClInclude Include="PartTwo\StdLibIO.h">
      <Filter>Header Files\PartTwo</Filter>
    </ClInclude>
    <ClInclude Include="Common\CommonUtils.h">
      <Filter>Header Files\Common</Filter>
    </ClInclude>
    <ClInclude Include="stdafx.h">
      <Filter>Header Files</Filter>
    </ClInclude>
    <ClInclude Include="targetver.h">
      <Filter>Header Files</Filter>
    </ClInclude>
    <ClInclude Include="PartThree\ClassFeatures.h">
      <Filter>Header Files\PartThree</Filter>
    </ClInclude>
    <ClInclude Include="PartThree\OverloadCast.h">
      <Filter>Header Files\PartThree</Filter>
    </ClInclude>
    <ClInclude Include="PartFour\NamespaceTest.h">
      <Filter>Header Files\PartFour</Filter>
    </ClInclude>
  </ItemGroup>
  <ItemGroup>
    <ClCompile Include="projectMyCppIncubator.cpp">
      <Filter>Source Files</Filter>
    </ClCompile>
    <ClCompile Include="PartOne\CppPrimer.cpp">
      <Filter>Source Files\PartOne</Filter>
    </ClCompile>
    <ClCompile Include="PartOne\CppPrimerFriend.cpp">
      <Filter>Source Files\PartOne</Filter>
    </ClCompile>
    <ClCompile Include="PartOne\CppPrimerLiteral.cpp">
      <Filter>Source Files\PartOne</Filter>
    </ClCompile>
    <ClCompile Include="PartTwo\DynamicMem.cpp">
      <Filter>Source Files\PartTwo</Filter>
    </ClCompile>
    <ClCompile Include="PartTwo\StdLibContainer.cpp">
      <Filter>Source Files\PartTwo</Filter>
    </ClCompile>
    <ClCompile Include="PartTwo\StdLibIO.cpp">
      <Filter>Source Files\PartTwo</Filter>
    </ClCompile>
    <ClCompile Include="Common\CommonUtils.cpp">
      <Filter>Source Files\Common</Filter>
    </ClCompile>
    <ClCompile Include="stdafx.cpp">
      <Filter>Source Files</Filter>
    </ClCompile>
    <ClCompile Include="PartThree\ClassFeatures.cpp">
      <Filter>Source Files\PartThree</Filter>
    </ClCompile>
    <ClCompile Include="PartThree\OverloadCast.cpp">
      <Filter>Source Files\PartThree</Filter>
    </ClCompile>
    <ClCompile Include="PartFour\NamespaceTest.cpp">
      <Filter>Source Files\PartFour</Filter>
    </ClCompile>
  </ItemGroup>
</Project>